
Microsoft Visual Studio Solution File, Format Version 12.00
# Visual Studio Version 17
VisualStudioVersion = 17.3.32825.248
MinimumVisualStudioVersion = 10.0.40219.1
Project("{9A19103F-16F7-4668-BE54-9A1E7A4F7556}") = "Recyclarr.Cli", "src\Recyclarr.Cli\Recyclarr.Cli.csproj", "{CD5C6F99-C587-4B7C-86AE-550FA4A5594A}"
EndProject
Project("{9A19103F-16F7-4668-BE54-9A1E7A4F7556}") = "Recyclarr.TestLibrary", "tests\Recyclarr.TestLibrary\Recyclarr.TestLibrary.csproj", "{49F28A82-468F-4C48-9A59-D41B8FE26D6E}"
EndProject
Project("{2150E333-8FDC-42A3-9474-1A3956D46DE8}") = "Props", "Props", "{305C2AC5-803F-41B3-92D8-4AD2B2E3E130}"
	ProjectSection(SolutionItems) = preProject
		.editorconfig = .editorconfig
		Directory.Build.props = Directory.Build.props
		Directory.Build.targets = Directory.Build.targets
		Directory.Packages.props = Directory.Packages.props
		GitVersion.yml = GitVersion.yml
		renovate.json5 = renovate.json5
		.config\dotnet-tools.json = .config\dotnet-tools.json
	EndProjectSection
EndProject
Project("{9A19103F-16F7-4668-BE54-9A1E7A4F7556}") = "Recyclarr.Core.Tests", "tests\Recyclarr.Core.Tests\Recyclarr.Core.Tests.csproj", "{A4EC7E0D-C591-4874-B9AC-EB12A96F3E83}"
EndProject
Project("{2150E333-8FDC-42A3-9474-1A3956D46DE8}") = "Tests", "Tests", "{18E17C53-F600-40AE-82C1-3CD1E547C307}"
	ProjectSection(SolutionItems) = preProject
		tests\Directory.Build.props = tests\Directory.Build.props
		tests\.editorconfig = tests\.editorconfig
	EndProjectSection
EndProject
Project("{FAE04EC0-301F-11D3-BF4B-00C04F79EFBC}") = "Recyclarr.Core.TestLibrary", "tests\Recyclarr.Core.TestLibrary\Recyclarr.Core.TestLibrary.csproj", "{DE198BA1-2906-43BB-9CDB-977B9218A670}"
EndProject
Project("{FAE04EC0-301F-11D3-BF4B-00C04F79EFBC}") = "Recyclarr.Cli.Tests", "tests\Recyclarr.Cli.Tests\Recyclarr.Cli.Tests.csproj", "{59886A2A-338F-4864-9735-1633433B1F8F}"
EndProject
Project("{FAE04EC0-301F-11D3-BF4B-00C04F79EFBC}") = "Recyclarr.Cli.TestLibrary", "tests\Recyclarr.Cli.TestLibrary\Recyclarr.Cli.TestLibrary.csproj", "{7B730BDB-1519-4847-BA23-998AB3750E31}"
EndProject
Project("{FAE04EC0-301F-11D3-BF4B-00C04F79EFBC}") = "Recyclarr.Core", "src\Recyclarr.Core\Recyclarr.Core.csproj", "{14F923B3-13EB-46D2-8AD0-D0811B46952A}"
EndProject
Global
	GlobalSection(SolutionConfigurationPlatforms) = preSolution
		Debug|Any CPU = Debug|Any CPU
		Release|Any CPU = Release|Any CPU
	EndGlobalSection
	GlobalSection(ProjectConfigurationPlatforms) = postSolution
		{CD5C6F99-C587-4B7C-86AE-550FA4A5594A}.Debug|Any CPU.ActiveCfg = Debug|Any CPU
		{CD5C6F99-C587-4B7C-86AE-550FA4A5594A}.Debug|Any CPU.Build.0 = Debug|Any CPU
		{CD5C6F99-C587-4B7C-86AE-550FA4A5594A}.Release|Any CPU.ActiveCfg = Release|Any CPU
		{CD5C6F99-C587-4B7C-86AE-550FA4A5594A}.Release|Any CPU.Build.0 = Release|Any CPU
		{49F28A82-468F-4C48-9A59-D41B8FE26D6E}.Debug|Any CPU.ActiveCfg = Debug|Any CPU
		{49F28A82-468F-4C48-9A59-D41B8FE26D6E}.Debug|Any CPU.Build.0 = Debug|Any CPU
		{49F28A82-468F-4C48-9A59-D41B8FE26D6E}.Release|Any CPU.ActiveCfg = Release|Any CPU
		{49F28A82-468F-4C48-9A59-D41B8FE26D6E}.Release|Any CPU.Build.0 = Release|Any CPU
		{A4EC7E0D-C591-4874-B9AC-EB12A96F3E83}.Debug|Any CPU.ActiveCfg = Debug|Any CPU
		{A4EC7E0D-C591-4874-B9AC-EB12A96F3E83}.Debug|Any CPU.Build.0 = Debug|Any CPU
		{A4EC7E0D-C591-4874-B9AC-EB12A96F3E83}.Release|Any CPU.ActiveCfg = Release|Any CPU
		{A4EC7E0D-C591-4874-B9AC-EB12A96F3E83}.Release|Any CPU.Build.0 = Release|Any CPU
		{DE198BA1-2906-43BB-9CDB-977B9218A670}.Debug|Any CPU.ActiveCfg = Debug|Any CPU
		{DE198BA1-2906-43BB-9CDB-977B9218A670}.Debug|Any CPU.Build.0 = Debug|Any CPU
		{DE198BA1-2906-43BB-9CDB-977B9218A670}.Release|Any CPU.ActiveCfg = Release|Any CPU
		{DE198BA1-2906-43BB-9CDB-977B9218A670}.Release|Any CPU.Build.0 = Release|Any CPU
		{59886A2A-338F-4864-9735-1633433B1F8F}.Debug|Any CPU.ActiveCfg = Debug|Any CPU
		{59886A2A-338F-4864-9735-1633433B1F8F}.Debug|Any CPU.Build.0 = Debug|Any CPU
		{59886A2A-338F-4864-9735-1633433B1F8F}.Release|Any CPU.ActiveCfg = Release|Any CPU
		{59886A2A-338F-4864-9735-1633433B1F8F}.Release|Any CPU.Build.0 = Release|Any CPU
		{7B730BDB-1519-4847-BA23-998AB3750E31}.Debug|Any CPU.ActiveCfg = Debug|Any CPU
		{7B730BDB-1519-4847-BA23-998AB3750E31}.Debug|Any CPU.Build.0 = Debug|Any CPU
		{7B730BDB-1519-4847-BA23-998AB3750E31}.Release|Any CPU.ActiveCfg = Release|Any CPU
		{7B730BDB-1519-4847-BA23-998AB3750E31}.Release|Any CPU.Build.0 = Release|Any CPU
		{14F923B3-13EB-46D2-8AD0-D0811B46952A}.Debug|Any CPU.ActiveCfg = Debug|Any CPU
		{14F923B3-13EB-46D2-8AD0-D0811B46952A}.Debug|Any CPU.Build.0 = Debug|Any CPU
		{14F923B3-13EB-46D2-8AD0-D0811B46952A}.Release|Any CPU.ActiveCfg = Release|Any CPU
		{14F923B3-13EB-46D2-8AD0-D0811B46952A}.Release|Any CPU.Build.0 = Release|Any CPU
	EndGlobalSection
	GlobalSection(SolutionProperties) = preSolution
		HideSolutionNode = FALSE
	EndGlobalSection
	GlobalSection(ExtensibilityGlobals) = postSolution
		SolutionGuid = {AFBE3E4F-DA4D-4EBD-8700-C3C42B59D6AB}
	EndGlobalSection
	GlobalSection(NestedProjects) = preSolution
		{49F28A82-468F-4C48-9A59-D41B8FE26D6E} = {18E17C53-F600-40AE-82C1-3CD1E547C307}
		{A4EC7E0D-C591-4874-B9AC-EB12A96F3E83} = {18E17C53-F600-40AE-82C1-3CD1E547C307}
		{DE198BA1-2906-43BB-9CDB-977B9218A670} = {18E17C53-F600-40AE-82C1-3CD1E547C307}
		{59886A2A-338F-4864-9735-1633433B1F8F} = {18E17C53-F600-40AE-82C1-3CD1E547C307}
		{7B730BDB-1519-4847-BA23-998AB3750E31} = {18E17C53-F600-40AE-82C1-3CD1E547C307}
	EndGlobalSection
EndGlobal
