
Microsoft Visual Studio Solution File, Format Version 12.00
# Visual Studio Version 17
VisualStudioVersion = 17.3.32825.248
MinimumVisualStudioVersion = 10.0.40219.1
Project("{9A19103F-16F7-4668-BE54-9A1E7A4F7556}") = "Recyclarr", "Recyclarr\Recyclarr.csproj", "{CD5C6F99-C587-4B7C-86AE-550FA4A5594A}"
EndProject
Project("{9A19103F-16F7-4668-BE54-9A1E7A4F7556}") = "Recyclarr.Tests", "Recyclarr.Tests\Recyclarr.Tests.csproj", "{217D5972-4BB7-4343-9043-C30BD9A1811E}"
EndProject
Project("{9A19103F-16F7-4668-BE54-9A1E7A4F7556}") = "TestLibrary", "TestLibrary\TestLibrary.csproj", "{49F28A82-468F-4C48-9A59-D41B8FE26D6E}"
EndProject
Project("{9A19103F-16F7-4668-BE54-9A1E7A4F7556}") = "TestLibrary.Tests", "TestLibrary.Tests\TestLibrary.Tests.csproj", "{BF105B2F-8E13-48AD-BF72-DF7EFEB018B6}"
EndProject
Project("{2150E333-8FDC-42A3-9474-1A3956D46DE8}") = "Props", "Props", "{305C2AC5-803F-41B3-92D8-4AD2B2E3E130}"
	ProjectSection(SolutionItems) = preProject
		.editorconfig = ..\.editorconfig
		Directory.Build.props = Directory.Build.props
		Directory.Build.targets = Directory.Build.targets
		Directory.Packages.props = Directory.Packages.props
	EndProjectSection
EndProject
Project("{9A19103F-16F7-4668-BE54-9A1E7A4F7556}") = "Common", "Common\Common.csproj", "{18CF1FCA-7983-4423-8B7E-4A830108C624}"
EndProject
Project("{9A19103F-16F7-4668-BE54-9A1E7A4F7556}") = "Common.Tests", "Common.Tests\Common.Tests.csproj", "{0720939D-1CA6-43D7-BBED-F8F894C4F562}"
EndProject
Project("{9A19103F-16F7-4668-BE54-9A1E7A4F7556}") = "TrashLib.TestLibrary", "TrashLib.TestLibrary\TrashLib.TestLibrary.csproj", "{33226068-65E3-4890-8671-59A56BA3F6F0}"
EndProject
Project("{9A19103F-16F7-4668-BE54-9A1E7A4F7556}") = "TrashLib", "TrashLib\TrashLib.csproj", "{4F6ACBA6-9A7D-487C-ACC1-787CCC90A381}"
EndProject
Project("{9A19103F-16F7-4668-BE54-9A1E7A4F7556}") = "TrashLib.Tests", "TrashLib.Tests\TrashLib.Tests.csproj", "{A4EC7E0D-C591-4874-B9AC-EB12A96F3E83}"
EndProject
Project("{9A19103F-16F7-4668-BE54-9A1E7A4F7556}") = "Recyclarr.TestLibrary", "Recyclarr.TestLibrary\Recyclarr.TestLibrary.csproj", "{77D1C695-94D4-46A9-8F12-41E54AF97750}"
EndProject
Project("{9A19103F-16F7-4668-BE54-9A1E7A4F7556}") = "Recyclarr.Gui", "Recyclarr.Gui\Recyclarr.Gui.csproj", "{53EECBC0-E0EA-4D6C-925C-5DB8C42CCB85}"
EndProject
Project("{9A19103F-16F7-4668-BE54-9A1E7A4F7556}") = "Common.TestLibrary", "Common.TestLibrary\Common.TestLibrary.csproj", "{A92321B5-2796-467B-B5A5-2BFC41167A25}"
EndProject
Global
	GlobalSection(SolutionConfigurationPlatforms) = preSolution
		Debug|Any CPU = Debug|Any CPU
		Release|Any CPU = Release|Any CPU
	EndGlobalSection
	GlobalSection(ProjectConfigurationPlatforms) = postSolution
		{CD5C6F99-C587-4B7C-86AE-550FA4A5594A}.Debug|Any CPU.ActiveCfg = Debug|Any CPU
		{CD5C6F99-C587-4B7C-86AE-550FA4A5594A}.Debug|Any CPU.Build.0 = Debug|Any CPU
		{CD5C6F99-C587-4B7C-86AE-550FA4A5594A}.Release|Any CPU.ActiveCfg = Release|Any CPU
		{CD5C6F99-C587-4B7C-86AE-550FA4A5594A}.Release|Any CPU.Build.0 = Release|Any CPU
		{217D5972-4BB7-4343-9043-C30BD9A1811E}.Debug|Any CPU.ActiveCfg = Debug|Any CPU
		{217D5972-4BB7-4343-9043-C30BD9A1811E}.Debug|Any CPU.Build.0 = Debug|Any CPU
		{217D5972-4BB7-4343-9043-C30BD9A1811E}.Release|Any CPU.ActiveCfg = Release|Any CPU
		{217D5972-4BB7-4343-9043-C30BD9A1811E}.Release|Any CPU.Build.0 = Release|Any CPU
		{49F28A82-468F-4C48-9A59-D41B8FE26D6E}.Debug|Any CPU.ActiveCfg = Debug|Any CPU
		{49F28A82-468F-4C48-9A59-D41B8FE26D6E}.Debug|Any CPU.Build.0 = Debug|Any CPU
		{49F28A82-468F-4C48-9A59-D41B8FE26D6E}.Release|Any CPU.ActiveCfg = Release|Any CPU
		{49F28A82-468F-4C48-9A59-D41B8FE26D6E}.Release|Any CPU.Build.0 = Release|Any CPU
		{BF105B2F-8E13-48AD-BF72-DF7EFEB018B6}.Debug|Any CPU.ActiveCfg = Debug|Any CPU
		{BF105B2F-8E13-48AD-BF72-DF7EFEB018B6}.Debug|Any CPU.Build.0 = Debug|Any CPU
		{BF105B2F-8E13-48AD-BF72-DF7EFEB018B6}.Release|Any CPU.ActiveCfg = Release|Any CPU
		{BF105B2F-8E13-48AD-BF72-DF7EFEB018B6}.Release|Any CPU.Build.0 = Release|Any CPU
		{18CF1FCA-7983-4423-8B7E-4A830108C624}.Debug|Any CPU.ActiveCfg = Debug|Any CPU
		{18CF1FCA-7983-4423-8B7E-4A830108C624}.Debug|Any CPU.Build.0 = Debug|Any CPU
		{18CF1FCA-7983-4423-8B7E-4A830108C624}.Release|Any CPU.ActiveCfg = Release|Any CPU
		{18CF1FCA-7983-4423-8B7E-4A830108C624}.Release|Any CPU.Build.0 = Release|Any CPU
		{0720939D-1CA6-43D7-BBED-F8F894C4F562}.Debug|Any CPU.ActiveCfg = Debug|Any CPU
		{0720939D-1CA6-43D7-BBED-F8F894C4F562}.Debug|Any CPU.Build.0 = Debug|Any CPU
		{0720939D-1CA6-43D7-BBED-F8F894C4F562}.Release|Any CPU.ActiveCfg = Release|Any CPU
		{0720939D-1CA6-43D7-BBED-F8F894C4F562}.Release|Any CPU.Build.0 = Release|Any CPU
		{33226068-65E3-4890-8671-59A56BA3F6F0}.Debug|Any CPU.ActiveCfg = Debug|Any CPU
		{33226068-65E3-4890-8671-59A56BA3F6F0}.Debug|Any CPU.Build.0 = Debug|Any CPU
		{33226068-65E3-4890-8671-59A56BA3F6F0}.Release|Any CPU.ActiveCfg = Release|Any CPU
		{33226068-65E3-4890-8671-59A56BA3F6F0}.Release|Any CPU.Build.0 = Release|Any CPU
		{4F6ACBA6-9A7D-487C-ACC1-787CCC90A381}.Debug|Any CPU.ActiveCfg = Debug|Any CPU
		{4F6ACBA6-9A7D-487C-ACC1-787CCC90A381}.Debug|Any CPU.Build.0 = Debug|Any CPU
		{4F6ACBA6-9A7D-487C-ACC1-787CCC90A381}.Release|Any CPU.ActiveCfg = Release|Any CPU
		{4F6ACBA6-9A7D-487C-ACC1-787CCC90A381}.Release|Any CPU.Build.0 = Release|Any CPU
		{A4EC7E0D-C591-4874-B9AC-EB12A96F3E83}.Debug|Any CPU.ActiveCfg = Debug|Any CPU
		{A4EC7E0D-C591-4874-B9AC-EB12A96F3E83}.Debug|Any CPU.Build.0 = Debug|Any CPU
		{A4EC7E0D-C591-4874-B9AC-EB12A96F3E83}.Release|Any CPU.ActiveCfg = Release|Any CPU
		{A4EC7E0D-C591-4874-B9AC-EB12A96F3E83}.Release|Any CPU.Build.0 = Release|Any CPU
		{77D1C695-94D4-46A9-8F12-41E54AF97750}.Debug|Any CPU.ActiveCfg = Debug|Any CPU
		{77D1C695-94D4-46A9-8F12-41E54AF97750}.Debug|Any CPU.Build.0 = Debug|Any CPU
		{77D1C695-94D4-46A9-8F12-41E54AF97750}.Release|Any CPU.ActiveCfg = Release|Any CPU
		{77D1C695-94D4-46A9-8F12-41E54AF97750}.Release|Any CPU.Build.0 = Release|Any CPU
		{53EECBC0-E0EA-4D6C-925C-5DB8C42CCB85}.Debug|Any CPU.ActiveCfg = Debug|Any CPU
		{53EECBC0-E0EA-4D6C-925C-5DB8C42CCB85}.Debug|Any CPU.Build.0 = Debug|Any CPU
		{53EECBC0-E0EA-4D6C-925C-5DB8C42CCB85}.Release|Any CPU.ActiveCfg = Release|Any CPU
		{53EECBC0-E0EA-4D6C-925C-5DB8C42CCB85}.Release|Any CPU.Build.0 = Release|Any CPU
		{A92321B5-2796-467B-B5A5-2BFC41167A25}.Debug|Any CPU.ActiveCfg = Debug|Any CPU
		{A92321B5-2796-467B-B5A5-2BFC41167A25}.Debug|Any CPU.Build.0 = Debug|Any CPU
		{A92321B5-2796-467B-B5A5-2BFC41167A25}.Release|Any CPU.ActiveCfg = Release|Any CPU
		{A92321B5-2796-467B-B5A5-2BFC41167A25}.Release|Any CPU.Build.0 = Release|Any CPU
	EndGlobalSection
	GlobalSection(SolutionProperties) = preSolution
		HideSolutionNode = FALSE
	EndGlobalSection
	GlobalSection(ExtensibilityGlobals) = postSolution
		SolutionGuid = {AFBE3E4F-DA4D-4EBD-8700-C3C42B59D6AB}
	EndGlobalSection
EndGlobal
