
Microsoft Visual Studio Solution File, Format Version 12.00
Project("{FAE04EC0-301F-11D3-BF4B-00C04F79EFBC}") = "Trash", "Trash\Trash.csproj", "{CD5C6F99-C587-4B7C-86AE-550FA4A5594A}"
EndProject
Project("{FAE04EC0-301F-11D3-BF4B-00C04F79EFBC}") = "Trash.Tests", "Trash.Tests\Trash.Tests.csproj", "{217D5972-4BB7-4343-9043-C30BD9A1811E}"
EndProject
Project("{FAE04EC0-301F-11D3-BF4B-00C04F79EFBC}") = "TestLibrary", "TestLibrary\TestLibrary.csproj", "{49F28A82-468F-4C48-9A59-D41B8FE26D6E}"
EndProject
Project("{FAE04EC0-301F-11D3-BF4B-00C04F79EFBC}") = "TestLibrary.Tests", "TestLibrary.Tests\TestLibrary.Tests.csproj", "{BF105B2F-8E13-48AD-BF72-DF7EFEB018B6}"
EndProject
Project("{2150E333-8FDC-42A3-9474-1A3956D46DE8}") = "Props", "Props", "{305C2AC5-803F-41B3-92D8-4AD2B2E3E130}"
ProjectSection(SolutionItems) = preProject
	Directory.Build.props = Directory.Build.props
	Directory.Build.targets = Directory.Build.targets
	.editorconfig = .editorconfig
EndProjectSection
EndProject
Project("{FAE04EC0-301F-11D3-BF4B-00C04F79EFBC}") = "Common", "Common\Common.csproj", "{18CF1FCA-7983-4423-8B7E-4A830108C624}"
EndProject
Project("{FAE04EC0-301F-11D3-BF4B-00C04F79EFBC}") = "Common.Tests", "Common.Tests\Common.Tests.csproj", "{0720939D-1CA6-43D7-BBED-F8F894C4F562}"
EndProject
Project("{FAE04EC0-301F-11D3-BF4B-00C04F79EFBC}") = "TrashLib.TestLibrary", "TrashLib.TestLibrary\TrashLib.TestLibrary.csproj", "{33226068-65E3-4890-8671-59A56BA3F6F0}"
EndProject
Project("{FAE04EC0-301F-11D3-BF4B-00C04F79EFBC}") = "TrashLib", "TrashLib\TrashLib.csproj", "{4F6ACBA6-9A7D-487C-ACC1-787CCC90A381}"
EndProject
Project("{FAE04EC0-301F-11D3-BF4B-00C04F79EFBC}") = "TrashLib.Tests", "TrashLib.Tests\TrashLib.Tests.csproj", "{A4EC7E0D-C591-4874-B9AC-EB12A96F3E83}"
EndProject
Project("{FAE04EC0-301F-11D3-BF4B-00C04F79EFBC}") = "VersionControl", "VersionControl\VersionControl.csproj", "{CF5BB1A7-3D21-48CB-B6B0-526612B2D94D}"
EndProject
Project("{FAE04EC0-301F-11D3-BF4B-00C04F79EFBC}") = "VersionControl.Tests", "VersionControl.Tests\VersionControl.Tests.csproj", "{F81C7EA3-4ACA-4171-8A60-531F129A33C5}"
EndProject
Global
	GlobalSection(SolutionConfigurationPlatforms) = preSolution
		Debug|Any CPU = Debug|Any CPU
		Release|Any CPU = Release|Any CPU
	EndGlobalSection
	GlobalSection(ProjectConfigurationPlatforms) = postSolution
		{CD5C6F99-C587-4B7C-86AE-550FA4A5594A}.Debug|Any CPU.ActiveCfg = Debug|Any CPU
		{CD5C6F99-C587-4B7C-86AE-550FA4A5594A}.Debug|Any CPU.Build.0 = Debug|Any CPU
		{CD5C6F99-C587-4B7C-86AE-550FA4A5594A}.Release|Any CPU.ActiveCfg = Release|Any CPU
		{CD5C6F99-C587-4B7C-86AE-550FA4A5594A}.Release|Any CPU.Build.0 = Release|Any CPU
		{217D5972-4BB7-4343-9043-C30BD9A1811E}.Debug|Any CPU.ActiveCfg = Debug|Any CPU
		{217D5972-4BB7-4343-9043-C30BD9A1811E}.Debug|Any CPU.Build.0 = Debug|Any CPU
		{217D5972-4BB7-4343-9043-C30BD9A1811E}.Release|Any CPU.ActiveCfg = Release|Any CPU
		{217D5972-4BB7-4343-9043-C30BD9A1811E}.Release|Any CPU.Build.0 = Release|Any CPU
		{49F28A82-468F-4C48-9A59-D41B8FE26D6E}.Debug|Any CPU.ActiveCfg = Debug|Any CPU
		{49F28A82-468F-4C48-9A59-D41B8FE26D6E}.Debug|Any CPU.Build.0 = Debug|Any CPU
		{49F28A82-468F-4C48-9A59-D41B8FE26D6E}.Release|Any CPU.ActiveCfg = Release|Any CPU
		{49F28A82-468F-4C48-9A59-D41B8FE26D6E}.Release|Any CPU.Build.0 = Release|Any CPU
		{BF105B2F-8E13-48AD-BF72-DF7EFEB018B6}.Debug|Any CPU.ActiveCfg = Debug|Any CPU
		{BF105B2F-8E13-48AD-BF72-DF7EFEB018B6}.Debug|Any CPU.Build.0 = Debug|Any CPU
		{BF105B2F-8E13-48AD-BF72-DF7EFEB018B6}.Release|Any CPU.ActiveCfg = Release|Any CPU
		{BF105B2F-8E13-48AD-BF72-DF7EFEB018B6}.Release|Any CPU.Build.0 = Release|Any CPU
		{18CF1FCA-7983-4423-8B7E-4A830108C624}.Debug|Any CPU.ActiveCfg = Debug|Any CPU
		{18CF1FCA-7983-4423-8B7E-4A830108C624}.Debug|Any CPU.Build.0 = Debug|Any CPU
		{18CF1FCA-7983-4423-8B7E-4A830108C624}.Release|Any CPU.ActiveCfg = Release|Any CPU
		{18CF1FCA-7983-4423-8B7E-4A830108C624}.Release|Any CPU.Build.0 = Release|Any CPU
		{0720939D-1CA6-43D7-BBED-F8F894C4F562}.Debug|Any CPU.ActiveCfg = Debug|Any CPU
		{0720939D-1CA6-43D7-BBED-F8F894C4F562}.Debug|Any CPU.Build.0 = Debug|Any CPU
		{0720939D-1CA6-43D7-BBED-F8F894C4F562}.Release|Any CPU.ActiveCfg = Release|Any CPU
		{0720939D-1CA6-43D7-BBED-F8F894C4F562}.Release|Any CPU.Build.0 = Release|Any CPU
		{33226068-65E3-4890-8671-59A56BA3F6F0}.Debug|Any CPU.ActiveCfg = Debug|Any CPU
		{33226068-65E3-4890-8671-59A56BA3F6F0}.Debug|Any CPU.Build.0 = Debug|Any CPU
		{33226068-65E3-4890-8671-59A56BA3F6F0}.Release|Any CPU.ActiveCfg = Release|Any CPU
		{33226068-65E3-4890-8671-59A56BA3F6F0}.Release|Any CPU.Build.0 = Release|Any CPU
		{4F6ACBA6-9A7D-487C-ACC1-787CCC90A381}.Debug|Any CPU.ActiveCfg = Debug|Any CPU
		{4F6ACBA6-9A7D-487C-ACC1-787CCC90A381}.Debug|Any CPU.Build.0 = Debug|Any CPU
		{4F6ACBA6-9A7D-487C-ACC1-787CCC90A381}.Release|Any CPU.ActiveCfg = Release|Any CPU
		{4F6ACBA6-9A7D-487C-ACC1-787CCC90A381}.Release|Any CPU.Build.0 = Release|Any CPU
		{A4EC7E0D-C591-4874-B9AC-EB12A96F3E83}.Debug|Any CPU.ActiveCfg = Debug|Any CPU
		{A4EC7E0D-C591-4874-B9AC-EB12A96F3E83}.Debug|Any CPU.Build.0 = Debug|Any CPU
		{A4EC7E0D-C591-4874-B9AC-EB12A96F3E83}.Release|Any CPU.ActiveCfg = Release|Any CPU
		{A4EC7E0D-C591-4874-B9AC-EB12A96F3E83}.Release|Any CPU.Build.0 = Release|Any CPU
		{CF5BB1A7-3D21-48CB-B6B0-526612B2D94D}.Debug|Any CPU.ActiveCfg = Debug|Any CPU
		{CF5BB1A7-3D21-48CB-B6B0-526612B2D94D}.Debug|Any CPU.Build.0 = Debug|Any CPU
		{CF5BB1A7-3D21-48CB-B6B0-526612B2D94D}.Release|Any CPU.ActiveCfg = Release|Any CPU
		{CF5BB1A7-3D21-48CB-B6B0-526612B2D94D}.Release|Any CPU.Build.0 = Release|Any CPU
		{F81C7EA3-4ACA-4171-8A60-531F129A33C5}.Debug|Any CPU.ActiveCfg = Debug|Any CPU
		{F81C7EA3-4ACA-4171-8A60-531F129A33C5}.Debug|Any CPU.Build.0 = Debug|Any CPU
		{F81C7EA3-4ACA-4171-8A60-531F129A33C5}.Release|Any CPU.ActiveCfg = Release|Any CPU
		{F81C7EA3-4ACA-4171-8A60-531F129A33C5}.Release|Any CPU.Build.0 = Release|Any CPU
	EndGlobalSection
	GlobalSection(NestedProjects) = preSolution
	EndGlobalSection
EndGlobal
